Microsoft Visual Studio Solution File, Format Version 12.00
# Visual Studio 15
VisualStudioVersion = 15.0.26228.73
MinimumVisualStudioVersion = 10.0.40219.1
Project("{2150E333-8FDC-42A3-9474-1A3956D46DE8}") = "SampleFeature", "SampleFeature", "{9D1A5585-8566-42C7-9511-7623EF341E70}"
EndProject
Project("{FAE04EC0-301F-11D3-BF4B-00C04F79EFBC}") = "Feature.SampleFeature", "src\Feature\SampleFeature\code\Feature.SampleFeature.csproj", "{F7D1B0D0-907C-4155-B069-AB8695847F90}"
EndProject
Project("{2150E333-8FDC-42A3-9474-1A3956D46DE8}") = "1. Project", "1. Project", "{5D709AC7-1426-4B80-B1F3-079F17EC5856}"
EndProject
Project("{2150E333-8FDC-42A3-9474-1A3956D46DE8}") = "2. Feature", "2. Feature", "{86F6F902-A9B3-408F-8E23-2CCB46AFC036}"
EndProject
Project("{2150E333-8FDC-42A3-9474-1A3956D46DE8}") = "3. Foundation", "3. Foundation", "{BC50975C-41D6-42E4-B31D-4668BF3097A7}"
EndProject
Project("{2150E333-8FDC-42A3-9474-1A3956D46DE8}") = "Configuration", "Configuration", "{4F86B5F9-CCE4-4DB2-8983-7B271E1D3AA6}"
	ProjectSection(SolutionItems) = preProject
		scripts\applytransform.targets = scripts\applytransform.targets
		gulp-config.js = gulp-config.js
		gulpfile.js = gulpfile.js
		package.json = package.json
		package.xml = package.xml
		publishsettings.targets = publishsettings.targets
		README.md = README.md
		WebEssentials2015-Settings.json = WebEssentials2015-Settings.json
	EndProjectSection
EndProject
Project("{2150E333-8FDC-42A3-9474-1A3956D46DE8}") = "Serialization", "Serialization", "{DA2E0FA4-C139-49F7-A7DE-690A8E824374}"
EndProject
Project("{FAE04EC0-301F-11D3-BF4B-00C04F79EFBC}") = "Foundation.Serialization", "src\Foundation\Serialization\code\Foundation.Serialization.csproj", "{007CD5DC-0030-460D-91A3-3DDEA9AB472F}"
EndProject
Project("{2150E333-8FDC-42A3-9474-1A3956D46DE8}") = "Sample", "Sample", "{9EEE0D78-FDB5-4375-8DA8-FE9A63807559}"
EndProject
Project("{FAE04EC0-301F-11D3-BF4B-00C04F79EFBC}") = "Foundation.Sample", "src\Foundation\Sample\code\Foundation.Sample.csproj", "{F1D6927D-F8E2-4D40-9DF4-7EE209E53A83}"
EndProject
Project("{2150E333-8FDC-42A3-9474-1A3956D46DE8}") = "Glass", "Glass", "{7F88DFD8-7327-465F-B573-7ECC623690B1}"
EndProject
Project("{FAE04EC0-301F-11D3-BF4B-00C04F79EFBC}") = "Foundation.Glass", "src\Foundation\Glass\code\Foundation.Glass.csproj", "{E3156E9E-93A6-4841-81E4-625E491A4C16}"
EndProject
Global
	GlobalSection(SolutionConfigurationPlatforms) = preSolution
		always|Any CPU = always|Any CPU
		always|x64 = always|x64
		ci|Any CPU = ci|Any CPU
		ci|x64 = ci|x64
		Cloud|Any CPU = Cloud|Any CPU
		Cloud|x64 = Cloud|x64
		Debug|Any CPU = Debug|Any CPU
		Debug|x64 = Debug|x64
		Release|Any CPU = Release|Any CPU
		Release|x64 = Release|x64
		TDS|Any CPU = TDS|Any CPU
		TDS|x64 = TDS|x64
		WebProjects|Any CPU = WebProjects|Any CPU
		WebProjects|x64 = WebProjects|x64
	EndGlobalSection
	GlobalSection(ProjectConfigurationPlatforms) = postSolution
		{F7D1B0D0-907C-4155-B069-AB8695847F90}.always|Any CPU.ActiveCfg = always|Any CPU
		{F7D1B0D0-907C-4155-B069-AB8695847F90}.always|Any CPU.Build.0 = always|Any CPU
		{F7D1B0D0-907C-4155-B069-AB8695847F90}.always|x64.ActiveCfg = always|x64
		{F7D1B0D0-907C-4155-B069-AB8695847F90}.always|x64.Build.0 = always|x64
		{F7D1B0D0-907C-4155-B069-AB8695847F90}.ci|Any CPU.ActiveCfg = ci|Any CPU
		{F7D1B0D0-907C-4155-B069-AB8695847F90}.ci|Any CPU.Build.0 = ci|Any CPU
		{F7D1B0D0-907C-4155-B069-AB8695847F90}.ci|x64.ActiveCfg = ci|x64
		{F7D1B0D0-907C-4155-B069-AB8695847F90}.ci|x64.Build.0 = ci|x64
		{F7D1B0D0-907C-4155-B069-AB8695847F90}.Cloud|Any CPU.ActiveCfg = ci|Any CPU
		{F7D1B0D0-907C-4155-B069-AB8695847F90}.Cloud|Any CPU.Build.0 = ci|Any CPU
		{F7D1B0D0-907C-4155-B069-AB8695847F90}.Cloud|x64.ActiveCfg = ci|x64
		{F7D1B0D0-907C-4155-B069-AB8695847F90}.Cloud|x64.Build.0 = ci|x64
		{F7D1B0D0-907C-4155-B069-AB8695847F90}.Debug|Any CPU.ActiveCfg = Debug|Any CPU
		{F7D1B0D0-907C-4155-B069-AB8695847F90}.Debug|Any CPU.Build.0 = Debug|Any CPU
		{F7D1B0D0-907C-4155-B069-AB8695847F90}.Debug|x64.ActiveCfg = Debug|x64
		{F7D1B0D0-907C-4155-B069-AB8695847F90}.Debug|x64.Build.0 = Debug|x64
		{F7D1B0D0-907C-4155-B069-AB8695847F90}.Release|Any CPU.ActiveCfg = Release|Any CPU
		{F7D1B0D0-907C-4155-B069-AB8695847F90}.Release|Any CPU.Build.0 = Release|Any CPU
		{F7D1B0D0-907C-4155-B069-AB8695847F90}.Release|x64.ActiveCfg = Release|x64
		{F7D1B0D0-907C-4155-B069-AB8695847F90}.Release|x64.Build.0 = Release|x64
		{F7D1B0D0-907C-4155-B069-AB8695847F90}.TDS|Any CPU.ActiveCfg = always|Any CPU
		{F7D1B0D0-907C-4155-B069-AB8695847F90}.TDS|Any CPU.Build.0 = always|Any CPU
		{F7D1B0D0-907C-4155-B069-AB8695847F90}.TDS|x64.ActiveCfg = always|x64
		{F7D1B0D0-907C-4155-B069-AB8695847F90}.TDS|x64.Build.0 = always|x64
		{F7D1B0D0-907C-4155-B069-AB8695847F90}.WebProjects|Any CPU.ActiveCfg = always|Any CPU
		{F7D1B0D0-907C-4155-B069-AB8695847F90}.WebProjects|Any CPU.Build.0 = always|Any CPU
		{F7D1B0D0-907C-4155-B069-AB8695847F90}.WebProjects|x64.ActiveCfg = always|x64
		{F7D1B0D0-907C-4155-B069-AB8695847F90}.WebProjects|x64.Build.0 = always|x64
		{007CD5DC-0030-460D-91A3-3DDEA9AB472F}.always|Any CPU.ActiveCfg = Release|Any CPU
		{007CD5DC-0030-460D-91A3-3DDEA9AB472F}.always|Any CPU.Build.0 = Release|Any CPU
		{007CD5DC-0030-460D-91A3-3DDEA9AB472F}.always|x64.ActiveCfg = Release|Any CPU
		{007CD5DC-0030-460D-91A3-3DDEA9AB472F}.always|x64.Build.0 = Release|Any CPU
		{007CD5DC-0030-460D-91A3-3DDEA9AB472F}.ci|Any CPU.ActiveCfg = Release|Any CPU
		{007CD5DC-0030-460D-91A3-3DDEA9AB472F}.ci|Any CPU.Build.0 = Release|Any CPU
		{007CD5DC-0030-460D-91A3-3DDEA9AB472F}.ci|x64.ActiveCfg = Release|Any CPU
		{007CD5DC-0030-460D-91A3-3DDEA9AB472F}.ci|x64.Build.0 = Release|Any CPU
		{007CD5DC-0030-460D-91A3-3DDEA9AB472F}.Cloud|Any CPU.ActiveCfg = Debug|Any CPU
		{007CD5DC-0030-460D-91A3-3DDEA9AB472F}.Cloud|Any CPU.Build.0 = Debug|Any CPU
		{007CD5DC-0030-460D-91A3-3DDEA9AB472F}.Cloud|x64.ActiveCfg = Debug|Any CPU
		{007CD5DC-0030-460D-91A3-3DDEA9AB472F}.Cloud|x64.Build.0 = Debug|Any CPU
		{007CD5DC-0030-460D-91A3-3DDEA9AB472F}.Debug|Any CPU.ActiveCfg = Debug|Any CPU
		{007CD5DC-0030-460D-91A3-3DDEA9AB472F}.Debug|Any CPU.Build.0 = Debug|Any CPU
		{007CD5DC-0030-460D-91A3-3DDEA9AB472F}.Debug|x64.ActiveCfg = Debug|Any CPU
		{007CD5DC-0030-460D-91A3-3DDEA9AB472F}.Debug|x64.Build.0 = Debug|Any CPU
		{007CD5DC-0030-460D-91A3-3DDEA9AB472F}.Release|Any CPU.ActiveCfg = Release|Any CPU
		{007CD5DC-0030-460D-91A3-3DDEA9AB472F}.Release|Any CPU.Build.0 = Release|Any CPU
		{007CD5DC-0030-460D-91A3-3DDEA9AB472F}.Release|x64.ActiveCfg = Release|Any CPU
		{007CD5DC-0030-460D-91A3-3DDEA9AB472F}.Release|x64.Build.0 = Release|Any CPU
		{007CD5DC-0030-460D-91A3-3DDEA9AB472F}.TDS|Any CPU.ActiveCfg = Debug|Any CPU
		{007CD5DC-0030-460D-91A3-3DDEA9AB472F}.TDS|Any CPU.Build.0 = Debug|Any CPU
		{007CD5DC-0030-460D-91A3-3DDEA9AB472F}.TDS|x64.ActiveCfg = Debug|Any CPU
		{007CD5DC-0030-460D-91A3-3DDEA9AB472F}.TDS|x64.Build.0 = Debug|Any CPU
		{007CD5DC-0030-460D-91A3-3DDEA9AB472F}.WebProjects|Any CPU.ActiveCfg = Debug|Any CPU
		{007CD5DC-0030-460D-91A3-3DDEA9AB472F}.WebProjects|Any CPU.Build.0 = Debug|Any CPU
		{007CD5DC-0030-460D-91A3-3DDEA9AB472F}.WebProjects|x64.ActiveCfg = Debug|Any CPU
		{007CD5DC-0030-460D-91A3-3DDEA9AB472F}.WebProjects|x64.Build.0 = Debug|Any CPU
		{F1D6927D-F8E2-4D40-9DF4-7EE209E53A83}.always|Any CPU.ActiveCfg = always|Any CPU
		{F1D6927D-F8E2-4D40-9DF4-7EE209E53A83}.always|Any CPU.Build.0 = always|Any CPU
		{F1D6927D-F8E2-4D40-9DF4-7EE209E53A83}.always|x64.ActiveCfg = always|x64
		{F1D6927D-F8E2-4D40-9DF4-7EE209E53A83}.always|x64.Build.0 = always|x64
		{F1D6927D-F8E2-4D40-9DF4-7EE209E53A83}.ci|Any CPU.ActiveCfg = ci|Any CPU
		{F1D6927D-F8E2-4D40-9DF4-7EE209E53A83}.ci|Any CPU.Build.0 = ci|Any CPU
		{F1D6927D-F8E2-4D40-9DF4-7EE209E53A83}.ci|x64.ActiveCfg = ci|x64
		{F1D6927D-F8E2-4D40-9DF4-7EE209E53A83}.ci|x64.Build.0 = ci|x64
		{F1D6927D-F8E2-4D40-9DF4-7EE209E53A83}.Cloud|Any CPU.ActiveCfg = ci|Any CPU
		{F1D6927D-F8E2-4D40-9DF4-7EE209E53A83}.Cloud|Any CPU.Build.0 = ci|Any CPU
		{F1D6927D-F8E2-4D40-9DF4-7EE209E53A83}.Cloud|x64.ActiveCfg = ci|x64
		{F1D6927D-F8E2-4D40-9DF4-7EE209E53A83}.Cloud|x64.Build.0 = ci|x64
		{F1D6927D-F8E2-4D40-9DF4-7EE209E53A83}.Debug|Any CPU.ActiveCfg = Debug|Any CPU
		{F1D6927D-F8E2-4D40-9DF4-7EE209E53A83}.Debug|Any CPU.Build.0 = Debug|Any CPU
		{F1D6927D-F8E2-4D40-9DF4-7EE209E53A83}.Debug|x64.ActiveCfg = Debug|x64
		{F1D6927D-F8E2-4D40-9DF4-7EE209E53A83}.Debug|x64.Build.0 = Debug|x64
		{F1D6927D-F8E2-4D40-9DF4-7EE209E53A83}.Release|Any CPU.ActiveCfg = Release|Any CPU
		{F1D6927D-F8E2-4D40-9DF4-7EE209E53A83}.Release|Any CPU.Build.0 = Release|Any CPU
		{F1D6927D-F8E2-4D40-9DF4-7EE209E53A83}.Release|x64.ActiveCfg = Release|x64
		{F1D6927D-F8E2-4D40-9DF4-7EE209E53A83}.Release|x64.Build.0 = Release|x64
		{F1D6927D-F8E2-4D40-9DF4-7EE209E53A83}.TDS|Any CPU.ActiveCfg = always|Any CPU
		{F1D6927D-F8E2-4D40-9DF4-7EE209E53A83}.TDS|Any CPU.Build.0 = always|Any CPU
		{F1D6927D-F8E2-4D40-9DF4-7EE209E53A83}.TDS|x64.ActiveCfg = always|x64
		{F1D6927D-F8E2-4D40-9DF4-7EE209E53A83}.TDS|x64.Build.0 = always|x64
		{F1D6927D-F8E2-4D40-9DF4-7EE209E53A83}.WebProjects|Any CPU.ActiveCfg = always|Any CPU
		{F1D6927D-F8E2-4D40-9DF4-7EE209E53A83}.WebProjects|Any CPU.Build.0 = always|Any CPU
		{F1D6927D-F8E2-4D40-9DF4-7EE209E53A83}.WebProjects|x64.ActiveCfg = always|x64
		{F1D6927D-F8E2-4D40-9DF4-7EE209E53A83}.WebProjects|x64.Build.0 = always|x64
		{E3156E9E-93A6-4841-81E4-625E491A4C16}.always|Any CPU.ActiveCfg = always|Any CPU
		{E3156E9E-93A6-4841-81E4-625E491A4C16}.always|Any CPU.Build.0 = always|Any CPU
		{E3156E9E-93A6-4841-81E4-625E491A4C16}.always|x64.ActiveCfg = always|x64
		{E3156E9E-93A6-4841-81E4-625E491A4C16}.always|x64.Build.0 = always|x64
		{E3156E9E-93A6-4841-81E4-625E491A4C16}.ci|Any CPU.ActiveCfg = ci|Any CPU
		{E3156E9E-93A6-4841-81E4-625E491A4C16}.ci|Any CPU.Build.0 = ci|Any CPU
		{E3156E9E-93A6-4841-81E4-625E491A4C16}.ci|x64.ActiveCfg = ci|x64
		{E3156E9E-93A6-4841-81E4-625E491A4C16}.ci|x64.Build.0 = ci|x64
		{E3156E9E-93A6-4841-81E4-625E491A4C16}.Cloud|Any CPU.ActiveCfg = Cloud|Any CPU
		{E3156E9E-93A6-4841-81E4-625E491A4C16}.Cloud|Any CPU.Build.0 = Cloud|Any CPU
		{E3156E9E-93A6-4841-81E4-625E491A4C16}.Cloud|x64.ActiveCfg = Cloud|x64
		{E3156E9E-93A6-4841-81E4-625E491A4C16}.Cloud|x64.Build.0 = Cloud|x64
		{E3156E9E-93A6-4841-81E4-625E491A4C16}.Debug|Any CPU.ActiveCfg = Debug|Any CPU
		{E3156E9E-93A6-4841-81E4-625E491A4C16}.Debug|Any CPU.Build.0 = Debug|Any CPU
		{E3156E9E-93A6-4841-81E4-625E491A4C16}.Debug|x64.ActiveCfg = Debug|x64
		{E3156E9E-93A6-4841-81E4-625E491A4C16}.Debug|x64.Build.0 = Debug|x64
		{E3156E9E-93A6-4841-81E4-625E491A4C16}.Release|Any CPU.ActiveCfg = Release|Any CPU
		{E3156E9E-93A6-4841-81E4-625E491A4C16}.Release|Any CPU.Build.0 = Release|Any CPU
		{E3156E9E-93A6-4841-81E4-625E491A4C16}.Release|x64.ActiveCfg = Release|x64
		{E3156E9E-93A6-4841-81E4-625E491A4C16}.Release|x64.Build.0 = Release|x64
		{E3156E9E-93A6-4841-81E4-625E491A4C16}.TDS|Any CPU.ActiveCfg = TDS|Any CPU
		{E3156E9E-93A6-4841-81E4-625E491A4C16}.TDS|Any CPU.Build.0 = TDS|Any CPU
		{E3156E9E-93A6-4841-81E4-625E491A4C16}.TDS|x64.ActiveCfg = TDS|x64
		{E3156E9E-93A6-4841-81E4-625E491A4C16}.TDS|x64.Build.0 = TDS|x64
		{E3156E9E-93A6-4841-81E4-625E491A4C16}.WebProjects|Any CPU.ActiveCfg = WebProjects|Any CPU
		{E3156E9E-93A6-4841-81E4-625E491A4C16}.WebProjects|Any CPU.Build.0 = WebProjects|Any CPU
		{E3156E9E-93A6-4841-81E4-625E491A4C16}.WebProjects|x64.ActiveCfg = WebProjects|x64
		{E3156E9E-93A6-4841-81E4-625E491A4C16}.WebProjects|x64.Build.0 = WebProjects|x64
	EndGlobalSection
	GlobalSection(SolutionProperties) = preSolution
		HideSolutionNode = FALSE
	EndGlobalSection
	GlobalSection(NestedProjects) = preSolution
		{9D1A5585-8566-42C7-9511-7623EF341E70} = {86F6F902-A9B3-408F-8E23-2CCB46AFC036}
		{F7D1B0D0-907C-4155-B069-AB8695847F90} = {9D1A5585-8566-42C7-9511-7623EF341E70}
		{DA2E0FA4-C139-49F7-A7DE-690A8E824374} = {BC50975C-41D6-42E4-B31D-4668BF3097A7}
		{007CD5DC-0030-460D-91A3-3DDEA9AB472F} = {DA2E0FA4-C139-49F7-A7DE-690A8E824374}
		{9EEE0D78-FDB5-4375-8DA8-FE9A63807559} = {BC50975C-41D6-42E4-B31D-4668BF3097A7}
		{F1D6927D-F8E2-4D40-9DF4-7EE209E53A83} = {9EEE0D78-FDB5-4375-8DA8-FE9A63807559}
		{7F88DFD8-7327-465F-B573-7ECC623690B1} = {BC50975C-41D6-42E4-B31D-4668BF3097A7}
		{E3156E9E-93A6-4841-81E4-625E491A4C16} = {7F88DFD8-7327-465F-B573-7ECC623690B1}
	EndGlobalSection
	GlobalSection(ExtensibilityGlobals) = postSolution
		SolutionGuid = {A0CB39A0-36E0-4A13-A099-C8B976860B54}
	EndGlobalSection
EndGlobal
